// !$*UTF8*$!
{
	archiveVersion = 1;
	classes = {
	};
	objectVersion = 56;
	objects = {

/* Begin PBXBuildFile section */
		BF73BB4C2B1FB6F200D01939 /* AttributesView.swift in Sources */ = {isa = PBXBuildFile; fileRef = BF73BB4B2B1FB6F200D01939 /* AttributesView.swift */; };
		BF73BB4E2B1FCB8100D01939 /* ExercisesRowView.swift in Sources */ = {isa = PBXBuildFile; fileRef = BF73BB4D2B1FCB8100D01939 /* ExercisesRowView.swift */; };
		BF73BB502B1FCBFF00D01939 /* ExerciseHeaderRowView.swift in Sources */ = {isa = PBXBuildFile; fileRef = BF73BB4F2B1FCBFF00D01939 /* ExerciseHeaderRowView.swift */; };
		BF73BB522B1FCC3400D01939 /* Separator.swift in Sources */ = {isa = PBXBuildFile; fileRef = BF73BB512B1FCC3400D01939 /* Separator.swift */; };
		BF73BB582B1FDB6500D01939 /* ExercisesNameView.swift in Sources */ = {isa = PBXBuildFile; fileRef = BF73BB572B1FDB6500D01939 /* ExercisesNameView.swift */; };
		BF7A0ED02B3A1224008D7E42 /* Workouts.swift in Sources */ = {isa = PBXBuildFile; fileRef = BF7A0ECF2B3A1224008D7E42 /* Workouts.swift */; };
		BF7A0ED22B3A292F008D7E42 /* EditableText.swift in Sources */ = {isa = PBXBuildFile; fileRef = BF7A0ED12B3A292F008D7E42 /* EditableText.swift */; };
		BFACD7AF2B1BCB0E00EC0236 /* EscalateApp.swift in Sources */ = {isa = PBXBuildFile; fileRef = BFACD7AE2B1BCB0E00EC0236 /* EscalateApp.swift */; };
		BFACD7B12B1BCB0E00EC0236 /* ContentView.swift in Sources */ = {isa = PBXBuildFile; fileRef = BFACD7B02B1BCB0E00EC0236 /* ContentView.swift */; };
		BFACD7B32B1BCB0F00EC0236 /* Exercises.swift in Sources */ = {isa = PBXBuildFile; fileRef = BFACD7B22B1BCB0F00EC0236 /* Exercises.swift */; };
		BFACD7B52B1BCB0F00EC0236 /* Assets.xcassets in Resources */ = {isa = PBXBuildFile; fileRef = BFACD7B42B1BCB0F00EC0236 /* Assets.xcassets */; };
		BFACD7B82B1BCB0F00EC0236 /* Preview Assets.xcassets in Resources */ = {isa = PBXBuildFile; fileRef = BFACD7B72B1BCB0F00EC0236 /* Preview Assets.xcassets */; };
		BFACD7C32B1BCF9000EC0236 /* Sets.swift in Sources */ = {isa = PBXBuildFile; fileRef = BFACD7C22B1BCF9000EC0236 /* Sets.swift */; };
		BFACD7C52B1BE9F400EC0236 /* HistoryListView.swift in Sources */ = {isa = PBXBuildFile; fileRef = BFACD7C42B1BE9F400EC0236 /* HistoryListView.swift */; };
		BFACD7C72B1BEB0B00EC0236 /* WorkoutsDetailView.swift in Sources */ = {isa = PBXBuildFile; fileRef = BFACD7C62B1BEB0B00EC0236 /* WorkoutsDetailView.swift */; };
		BFACD7CA2B1CCBD600EC0236 /* SettingsView.swift in Sources */ = {isa = PBXBuildFile; fileRef = BFACD7C92B1CCBD600EC0236 /* SettingsView.swift */; };
/* End PBXBuildFile section */

/* Begin PBXFileReference section */
		BF73BB4B2B1FB6F200D01939 /* AttributesView.swift */ = {isa = PBXFileReference; lastKnownFileType = sourcecode.swift; path = AttributesView.swift; sourceTree = "<group>"; };
		BF73BB4D2B1FCB8100D01939 /* ExercisesRowView.swift */ = {isa = PBXFileReference; lastKnownFileType = sourcecode.swift; path = ExercisesRowView.swift; sourceTree = "<group>"; };
		BF73BB4F2B1FCBFF00D01939 /* ExerciseHeaderRowView.swift */ = {isa = PBXFileReference; lastKnownFileType = sourcecode.swift; path = ExerciseHeaderRowView.swift; sourceTree = "<group>"; };
		BF73BB512B1FCC3400D01939 /* Separator.swift */ = {isa = PBXFileReference; lastKnownFileType = sourcecode.swift; path = Separator.swift; sourceTree = "<group>"; };
		BF73BB572B1FDB6500D01939 /* ExercisesNameView.swift */ = {isa = PBXFileReference; lastKnownFileType = sourcecode.swift; path = ExercisesNameView.swift; sourceTree = "<group>"; };
		BF7A0ECF2B3A1224008D7E42 /* Workouts.swift */ = {isa = PBXFileReference; lastKnownFileType = sourcecode.swift; path = Workouts.swift; sourceTree = "<group>"; };
		BF7A0ED12B3A292F008D7E42 /* EditableText.swift */ = {isa = PBXFileReference; lastKnownFileType = sourcecode.swift; path = EditableText.swift; sourceTree = "<group>"; };
		BFACD7AB2B1BCB0E00EC0236 /* Escalate.app */ = {isa = PBXFileReference; explicitFileType = wrapper.application; includeInIndex = 0; path = Escalate.app; sourceTree = BUILT_PRODUCTS_DIR; };
		BFACD7AE2B1BCB0E00EC0236 /* EscalateApp.swift */ = {isa = PBXFileReference; lastKnownFileType = sourcecode.swift; path = EscalateApp.swift; sourceTree = "<group>"; };
		BFACD7B02B1BCB0E00EC0236 /* ContentView.swift */ = {isa = PBXFileReference; lastKnownFileType = sourcecode.swift; path = ContentView.swift; sourceTree = "<group>"; };
		BFACD7B22B1BCB0F00EC0236 /* Exercises.swift */ = {isa = PBXFileReference; lastKnownFileType = sourcecode.swift; path = Exercises.swift; sourceTree = "<group>"; };
		BFACD7B42B1BCB0F00EC0236 /* Assets.xcassets */ = {isa = PBXFileReference; lastKnownFileType = folder.assetcatalog; path = Assets.xcassets; sourceTree = "<group>"; };
		BFACD7B72B1BCB0F00EC0236 /* Preview Assets.xcassets */ = {isa = PBXFileReference; lastKnownFileType = folder.assetcatalog; path = "Preview Assets.xcassets"; sourceTree = "<group>"; };
		BFACD7B92B1BCB0F00EC0236 /* Escalate.entitlements */ = {isa = PBXFileReference; lastKnownFileType = text.plist.entitlements; path = Escalate.entitlements; sourceTree = "<group>"; };
		BFACD7BA2B1BCB0F00EC0236 /* Info.plist */ = {isa = PBXFileReference; lastKnownFileType = text.plist.xml; path = Info.plist; sourceTree = "<group>"; };
		BFACD7C22B1BCF9000EC0236 /* Sets.swift */ = {isa = PBXFileReference; lastKnownFileType = sourcecode.swift; path = Sets.swift; sourceTree = "<group>"; };
		BFACD7C42B1BE9F400EC0236 /* HistoryListView.swift */ = {isa = PBXFileReference; lastKnownFileType = sourcecode.swift; path = HistoryListView.swift; sourceTree = "<group>"; };
		BFACD7C62B1BEB0B00EC0236 /* WorkoutsDetailView.swift */ = {isa = PBXFileReference; lastKnownFileType = sourcecode.swift; path = WorkoutsDetailView.swift; sourceTree = "<group>"; };
		BFACD7C82B1C9E9900EC0236 /* README.md */ = {isa = PBXFileReference; lastKnownFileType = net.daringfireball.markdown; path = README.md; sourceTree = "<group>"; };
		BFACD7C92B1CCBD600EC0236 /* SettingsView.swift */ = {isa = PBXFileReference; lastKnownFileType = sourcecode.swift; path = SettingsView.swift; sourceTree = "<group>"; };
/* End PBXFileReference section */

/* Begin PBXFrameworksBuildPhase section */
		BFACD7A82B1BCB0E00EC0236 /* Frameworks */ = {
			isa = PBXFrameworksBuildPhase;
			buildActionMask = 2147483647;
			files = (
			);
			runOnlyForDeploymentPostprocessing = 0;
		};
/* End PBXFrameworksBuildPhase section */

/* Begin PBXGroup section */
		626239076394F24E5E428F80 /* xcschemes */ = {
			isa = PBXGroup;
			children = (
			);
			name = xcschemes;
			path = Escalate.xcodeproj/project.xcworkspace/xcuserdata/louis.xcuserdatad/xcschemes;
			sourceTree = "<group>";
		};
		BF73BB532B1FCD3D00D01939 /* Models */ = {
			isa = PBXGroup;
			children = (
				BFACD7B22B1BCB0F00EC0236 /* Exercises.swift */,
				BFACD7C22B1BCF9000EC0236 /* Sets.swift */,
				BF7A0ECF2B3A1224008D7E42 /* Workouts.swift */,
			);
			path = Models;
			sourceTree = "<group>";
		};
		BF73BB542B1FCD5A00D01939 /* Details */ = {
			isa = PBXGroup;
			children = (
				BFACD7C62B1BEB0B00EC0236 /* WorkoutsDetailView.swift */,
				BF73BB4B2B1FB6F200D01939 /* AttributesView.swift */,
				BF73BB4D2B1FCB8100D01939 /* ExercisesRowView.swift */,
				BF73BB572B1FDB6500D01939 /* ExercisesNameView.swift */,
				BF73BB4F2B1FCBFF00D01939 /* ExerciseHeaderRowView.swift */,
				BF73BB512B1FCC3400D01939 /* Separator.swift */,
				BF7A0ED12B3A292F008D7E42 /* EditableText.swift */,
			);
			path = Details;
			sourceTree = "<group>";
		};
		BF73BB552B1FCD6400D01939 /* History */ = {
			isa = PBXGroup;
			children = (
				BFACD7C42B1BE9F400EC0236 /* HistoryListView.swift */,
			);
			path = History;
			sourceTree = "<group>";
		};
		BF73BB562B1FCD6A00D01939 /* Settings */ = {
			isa = PBXGroup;
			children = (
				BFACD7C92B1CCBD600EC0236 /* SettingsView.swift */,
			);
			path = Settings;
			sourceTree = "<group>";
		};
		BFACD7A22B1BCB0E00EC0236 = {
			isa = PBXGroup;
			children = (
				BFACD7C82B1C9E9900EC0236 /* README.md */,
				BFACD7AD2B1BCB0E00EC0236 /* Escalate */,
				BFACD7AC2B1BCB0E00EC0236 /* Products */,
				626239076394F24E5E428F80 /* xcschemes */,
			);
			sourceTree = "<group>";
		};
		BFACD7AC2B1BCB0E00EC0236 /* Products */ = {
			isa = PBXGroup;
			children = (
				BFACD7AB2B1BCB0E00EC0236 /* Escalate.app */,
			);
			name = Products;
			sourceTree = "<group>";
		};
		BFACD7AD2B1BCB0E00EC0236 /* Escalate */ = {
			isa = PBXGroup;
			children = (
				BFACD7AE2B1BCB0E00EC0236 /* EscalateApp.swift */,
				BFACD7B02B1BCB0E00EC0236 /* ContentView.swift */,
				BF73BB542B1FCD5A00D01939 /* Details */,
				BF73BB552B1FCD6400D01939 /* History */,
				BF73BB562B1FCD6A00D01939 /* Settings */,
				BF73BB532B1FCD3D00D01939 /* Models */,
				BFACD7B42B1BCB0F00EC0236 /* Assets.xcassets */,
				BFACD7B92B1BCB0F00EC0236 /* Escalate.entitlements */,
				BFACD7BA2B1BCB0F00EC0236 /* Info.plist */,
				BFACD7B62B1BCB0F00EC0236 /* Preview Content */,
			);
			path = Escalate;
			sourceTree = "<group>";
		};
		BFACD7B62B1BCB0F00EC0236 /* Preview Content */ = {
			isa = PBXGroup;
			children = (
				BFACD7B72B1BCB0F00EC0236 /* Preview Assets.xcassets */,
			);
			path = "Preview Content";
			sourceTree = "<group>";
		};
/* End PBXGroup section */

/* Begin PBXNativeTarget section */
		BFACD7AA2B1BCB0E00EC0236 /* Escalate */ = {
			isa = PBXNativeTarget;
			buildConfigurationList = BFACD7BD2B1BCB0F00EC0236 /* Build configuration list for PBXNativeTarget "Escalate" */;
			buildPhases = (
				BFACD7A72B1BCB0E00EC0236 /* Sources */,
				BFACD7A82B1BCB0E00EC0236 /* Frameworks */,
				BFACD7A92B1BCB0E00EC0236 /* Resources */,
			);
			buildRules = (
			);
			dependencies = (
			);
			name = Escalate;
			productName = Escalate;
			productReference = BFACD7AB2B1BCB0E00EC0236 /* Escalate.app */;
			productType = "com.apple.product-type.application";
		};
/* End PBXNativeTarget section */

/* Begin PBXProject section */
		BFACD7A32B1BCB0E00EC0236 /* Project object */ = {
			isa = PBXProject;
			attributes = {
				BuildIndependentTargetsInParallel = 1;
				LastSwiftUpdateCheck = 1500;
				LastUpgradeCheck = 1500;
				TargetAttributes = {
					BFACD7AA2B1BCB0E00EC0236 = {
						CreatedOnToolsVersion = 15.0.1;
					};
				};
			};
			buildConfigurationList = BFACD7A62B1BCB0E00EC0236 /* Build configuration list for PBXProject "Escalate" */;
			compatibilityVersion = "Xcode 14.0";
			developmentRegion = en;
			hasScannedForEncodings = 0;
			knownRegions = (
				en,
				Base,
			);
			mainGroup = BFACD7A22B1BCB0E00EC0236;
			productRefGroup = BFACD7AC2B1BCB0E00EC0236 /* Products */;
			projectDirPath = "";
			projectRoot = "";
			targets = (
				BFACD7AA2B1BCB0E00EC0236 /* Escalate */,
			);
		};
/* End PBXProject section */

/* Begin PBXResourcesBuildPhase section */
		BFACD7A92B1BCB0E00EC0236 /* Resources */ = {
			isa = PBXResourcesBuildPhase;
			buildActionMask = 2147483647;
			files = (
				BFACD7B82B1BCB0F00EC0236 /* Preview Assets.xcassets in Resources */,
				BFACD7B52B1BCB0F00EC0236 /* Assets.xcassets in Resources */,
			);
			runOnlyForDeploymentPostprocessing = 0;
		};
/* End PBXResourcesBuildPhase section */

/* Begin PBXSourcesBuildPhase section */
		BFACD7A72B1BCB0E00EC0236 /* Sources */ = {
			isa = PBXSourcesBuildPhase;
			buildActionMask = 2147483647;
			files = (
				BFACD7C72B1BEB0B00EC0236 /* WorkoutsDetailView.swift in Sources */,
				BFACD7CA2B1CCBD600EC0236 /* SettingsView.swift in Sources */,
				BF73BB502B1FCBFF00D01939 /* ExerciseHeaderRowView.swift in Sources */,
				BFACD7C32B1BCF9000EC0236 /* Sets.swift in Sources */,
				BFACD7C52B1BE9F400EC0236 /* HistoryListView.swift in Sources */,
				BFACD7B12B1BCB0E00EC0236 /* ContentView.swift in Sources */,
				BFACD7B32B1BCB0F00EC0236 /* Exercises.swift in Sources */,
				BF73BB4E2B1FCB8100D01939 /* ExercisesRowView.swift in Sources */,
				BF73BB4C2B1FB6F200D01939 /* AttributesView.swift in Sources */,
				BFACD7AF2B1BCB0E00EC0236 /* EscalateApp.swift in Sources */,
				BF7A0ED22B3A292F008D7E42 /* EditableText.swift in Sources */,
				BF73BB582B1FDB6500D01939 /* ExercisesNameView.swift in Sources */,
				BF73BB522B1FCC3400D01939 /* Separator.swift in Sources */,
				BF7A0ED02B3A1224008D7E42 /* Workouts.swift in Sources */,
			);
			runOnlyForDeploymentPostprocessing = 0;
		};
/* End PBXSourcesBuildPhase section */

/* Begin XCBuildConfiguration section */
		BFACD7BB2B1BCB0F00EC0236 /* Debug */ = {
			isa = XCBuildConfiguration;
			buildSettings = {
				ALWAYS_SEARCH_USER_PATHS = NO;
				ASSETCATALOG_COMPILER_GENERATE_SWIFT_ASSET_SYMBOL_EXTENSIONS = YES;
				CLANG_ANALYZER_NONNULL = YES;
				CLANG_ANALYZER_NUMBER_OBJECT_CONVERSION = YES_AGGRESSIVE;
				CLANG_CXX_LANGUAGE_STANDARD = "gnu++20";
				CLANG_ENABLE_MODULES = YES;
				CLANG_ENABLE_OBJC_ARC = YES;
				CLANG_ENABLE_OBJC_WEAK = YES;
				CLANG_WARN_BLOCK_CAPTURE_AUTORELEASING = YES;
				CLANG_WARN_BOOL_CONVERSION = YES;
				CLANG_WARN_COMMA = YES;
				CLANG_WARN_CONSTANT_CONVERSION = YES;
				CLANG_WARN_DEPRECATED_OBJC_IMPLEMENTATIONS = YES;
				CLANG_WARN_DIRECT_OBJC_ISA_USAGE = YES_ERROR;
				CLANG_WARN_DOCUMENTATION_COMMENTS = YES;
				CLANG_WARN_EMPTY_BODY = YES;
				CLANG_WARN_ENUM_CONVERSION = YES;
				CLANG_WARN_INFINITE_RECURSION = YES;
				CLANG_WARN_INT_CONVERSION = YES;
				CLANG_WARN_NON_LITERAL_NULL_CONVERSION = YES;
				CLANG_WARN_OBJC_IMPLICIT_RETAIN_SELF = YES;
				CLANG_WARN_OBJC_LITERAL_CONVERSION = YES;
				CLANG_WARN_OBJC_ROOT_CLASS = YES_ERROR;
				CLANG_WARN_QUOTED_INCLUDE_IN_FRAMEWORK_HEADER = YES;
				CLANG_WARN_RANGE_LOOP_ANALYSIS = YES;
				CLANG_WARN_STRICT_PROTOTYPES = YES;
				CLANG_WARN_SUSPICIOUS_MOVE = YES;
				CLANG_WARN_UNGUARDED_AVAILABILITY = YES_AGGRESSIVE;
				CLANG_WARN_UNREACHABLE_CODE = YES;
				CLANG_WARN__DUPLICATE_METHOD_MATCH = YES;
				COPY_PHASE_STRIP = NO;
				DEBUG_INFORMATION_FORMAT = dwarf;
				ENABLE_STRICT_OBJC_MSGSEND = YES;
				ENABLE_TESTABILITY = YES;
				ENABLE_USER_SCRIPT_SANDBOXING = YES;
				GCC_C_LANGUAGE_STANDARD = gnu17;
				GCC_DYNAMIC_NO_PIC = NO;
				GCC_NO_COMMON_BLOCKS = YES;
				GCC_OPTIMIZATION_LEVEL = 0;
				GCC_PREPROCESSOR_DEFINITIONS = (
					"DEBUG=1",
					"$(inherited)",
				);
				GCC_WARN_64_TO_32_BIT_CONVERSION = YES;
				GCC_WARN_ABOUT_RETURN_TYPE = YES_ERROR;
				GCC_WARN_UNDECLARED_SELECTOR = YES;
				GCC_WARN_UNINITIALIZED_AUTOS = YES_AGGRESSIVE;
				GCC_WARN_UNUSED_FUNCTION = YES;
				GCC_WARN_UNUSED_VARIABLE = YES;
				IPHONEOS_DEPLOYMENT_TARGET = 17.0;
				LOCALIZATION_PREFERS_STRING_CATALOGS = YES;
				MTL_ENABLE_DEBUG_INFO = INCLUDE_SOURCE;
				MTL_FAST_MATH = YES;
				ONLY_ACTIVE_ARCH = YES;
				SDKROOT = iphoneos;
				SWIFT_ACTIVE_COMPILATION_CONDITIONS = "DEBUG $(inherited)";
				SWIFT_OPTIMIZATION_LEVEL = "-Onone";
			};
			name = Debug;
		};
		BFACD7BC2B1BCB0F00EC0236 /* Release */ = {
			isa = XCBuildConfiguration;
			buildSettings = {
				ALWAYS_SEARCH_USER_PATHS = NO;
				ASSETCATALOG_COMPILER_GENERATE_SWIFT_ASSET_SYMBOL_EXTENSIONS = YES;
				CLANG_ANALYZER_NONNULL = YES;
				CLANG_ANALYZER_NUMBER_OBJECT_CONVERSION = YES_AGGRESSIVE;
				CLANG_CXX_LANGUAGE_STANDARD = "gnu++20";
				CLANG_ENABLE_MODULES = YES;
				CLANG_ENABLE_OBJC_ARC = YES;
				CLANG_ENABLE_OBJC_WEAK = YES;
				CLANG_WARN_BLOCK_CAPTURE_AUTORELEASING = YES;
				CLANG_WARN_BOOL_CONVERSION = YES;
				CLANG_WARN_COMMA = YES;
				CLANG_WARN_CONSTANT_CONVERSION = YES;
				CLANG_WARN_DEPRECATED_OBJC_IMPLEMENTATIONS = YES;
				CLANG_WARN_DIRECT_OBJC_ISA_USAGE = YES_ERROR;
				CLANG_WARN_DOCUMENTATION_COMMENTS = YES;
				CLANG_WARN_EMPTY_BODY = YES;
				CLANG_WARN_ENUM_CONVERSION = YES;
				CLANG_WARN_INFINITE_RECURSION = YES;
				CLANG_WARN_INT_CONVERSION = YES;
				CLANG_WARN_NON_LITERAL_NULL_CONVERSION = YES;
				CLANG_WARN_OBJC_IMPLICIT_RETAIN_SELF = YES;
				CLANG_WARN_OBJC_LITERAL_CONVERSION = YES;
				CLANG_WARN_OBJC_ROOT_CLASS = YES_ERROR;
				CLANG_WARN_QUOTED_INCLUDE_IN_FRAMEWORK_HEADER = YES;
				CLANG_WARN_RANGE_LOOP_ANALYSIS = YES;
				CLANG_WARN_STRICT_PROTOTYPES = YES;
				CLANG_WARN_SUSPICIOUS_MOVE = YES;
				CLANG_WARN_UNGUARDED_AVAILABILITY = YES_AGGRESSIVE;
				CLANG_WARN_UNREACHABLE_CODE = YES;
				CLANG_WARN__DUPLICATE_METHOD_MATCH = YES;
				COPY_PHASE_STRIP = NO;
				DEBUG_INFORMATION_FORMAT = "dwarf-with-dsym";
				ENABLE_NS_ASSERTIONS = NO;
				ENABLE_STRICT_OBJC_MSGSEND = YES;
				ENABLE_USER_SCRIPT_SANDBOXING = YES;
				GCC_C_LANGUAGE_STANDARD = gnu17;
				GCC_NO_COMMON_BLOCKS = YES;
				GCC_WARN_64_TO_32_BIT_CONVERSION = YES;
				GCC_WARN_ABOUT_RETURN_TYPE = YES_ERROR;
				GCC_WARN_UNDECLARED_SELECTOR = YES;
				GCC_WARN_UNINITIALIZED_AUTOS = YES_AGGRESSIVE;
				GCC_WARN_UNUSED_FUNCTION = YES;
				GCC_WARN_UNUSED_VARIABLE = YES;
				IPHONEOS_DEPLOYMENT_TARGET = 17.0;
				LOCALIZATION_PREFERS_STRING_CATALOGS = YES;
				MTL_ENABLE_DEBUG_INFO = NO;
				MTL_FAST_MATH = YES;
				SDKROOT = iphoneos;
				SWIFT_COMPILATION_MODE = wholemodule;
				VALIDATE_PRODUCT = YES;
			};
			name = Release;
		};
		BFACD7BE2B1BCB0F00EC0236 /* Debug */ = {
			isa = XCBuildConfiguration;
			buildSettings = {
				ASSETCATALOG_COMPILER_APPICON_NAME = AppIcon;
				ASSETCATALOG_COMPILER_GLOBAL_ACCENT_COLOR_NAME = AccentColor;
				CODE_SIGN_ENTITLEMENTS = Escalate/Escalate.entitlements;
				CODE_SIGN_STYLE = Automatic;
				CURRENT_PROJECT_VERSION = 1;
				DEVELOPMENT_ASSET_PATHS = "\"Escalate/Preview Content\"";
				DEVELOPMENT_TEAM = F4TL4LM96Q;
				ENABLE_PREVIEWS = YES;
				GENERATE_INFOPLIST_FILE = YES;
				INFOPLIST_FILE = Escalate/Info.plist;
				INFOPLIST_KEY_UIApplicationSceneManifest_Generation = YES;
				INFOPLIST_KEY_UIApplicationSupportsIndirectInputEvents = YES;
				INFOPLIST_KEY_UILaunchScreen_Generation = YES;
				INFOPLIST_KEY_UISupportedInterfaceOrientations = "UIInterfaceOrientationPortrait UIInterfaceOrientationPortraitUpsideDown";
				INFOPLIST_KEY_UISupportedInterfaceOrientations_iPad = "UIInterfaceOrientationLandscapeLeft UIInterfaceOrientationLandscapeRight UIInterfaceOrientationPortrait UIInterfaceOrientationPortraitUpsideDown";
				LD_RUNPATH_SEARCH_PATHS = (
					"$(inherited)",
					"@executable_path/Frameworks",
				);
				MARKETING_VERSION = 0.1.0;
				PRODUCT_BUNDLE_IDENTIFIER = com.louis993546.Escalate;
				PRODUCT_NAME = "$(TARGET_NAME)";
				SWIFT_EMIT_LOC_STRINGS = YES;
				SWIFT_VERSION = 5.0;
				TARGETED_DEVICE_FAMILY = "1,2";
			};
			name = Debug;
		};
		BFACD7BF2B1BCB0F00EC0236 /* Release */ = {
			isa = XCBuildConfiguration;
			buildSettings = {
				ASSETCATALOG_COMPILER_APPICON_NAME = AppIcon;
				ASSETCATALOG_COMPILER_GLOBAL_ACCENT_COLOR_NAME = AccentColor;
				CODE_SIGN_ENTITLEMENTS = Escalate/Escalate.entitlements;
				CODE_SIGN_STYLE = Automatic;
				CURRENT_PROJECT_VERSION = 1;
				DEVELOPMENT_ASSET_PATHS = "\"Escalate/Preview Content\"";
				DEVELOPMENT_TEAM = F4TL4LM96Q;
				ENABLE_PREVIEWS = YES;
				GENERATE_INFOPLIST_FILE = YES;
				INFOPLIST_FILE = Escalate/Info.plist;
				INFOPLIST_KEY_UIApplicationSceneManifest_Generation = YES;
				INFOPLIST_KEY_UIApplicationSupportsIndirectInputEvents = YES;
				INFOPLIST_KEY_UILaunchScreen_Generation = YES;
				INFOPLIST_KEY_UISupportedInterfaceOrientations = "UIInterfaceOrientationPortrait UIInterfaceOrientationPortraitUpsideDown";
				INFOPLIST_KEY_UISupportedInterfaceOrientations_iPad = "UIInterfaceOrientationLandscapeLeft UIInterfaceOrientationLandscapeRight UIInterfaceOrientationPortrait UIInterfaceOrientationPortraitUpsideDown";
				LD_RUNPATH_SEARCH_PATHS = (
					"$(inherited)",
					"@executable_path/Frameworks",
				);
				MARKETING_VERSION = 0.1.0;
				PRODUCT_BUNDLE_IDENTIFIER = com.louis993546.Escalate;
				PRODUCT_NAME = "$(TARGET_NAME)";
				SWIFT_EMIT_LOC_STRINGS = YES;
				SWIFT_VERSION = 5.0;
				TARGETED_DEVICE_FAMILY = "1,2";
			};
			name = Release;
		};
/* End XCBuildConfiguration section */

/* Begin XCConfigurationList section */
		BFACD7A62B1BCB0E00EC0236 /* Build configuration list for PBXProject "Escalate" */ = {
			isa = XCConfigurationList;
			buildConfigurations = (
				BFACD7BB2B1BCB0F00EC0236 /* Debug */,
				BFACD7BC2B1BCB0F00EC0236 /* Release */,
			);
			defaultConfigurationIsVisible = 0;
			defaultConfigurationName = Release;
		};
		BFACD7BD2B1BCB0F00EC0236 /* Build configuration list for PBXNativeTarget "Escalate" */ = {
			isa = XCConfigurationList;
			buildConfigurations = (
				BFACD7BE2B1BCB0F00EC0236 /* Debug */,
				BFACD7BF2B1BCB0F00EC0236 /* Release */,
			);
			defaultConfigurationIsVisible = 0;
			defaultConfigurationName = Release;
		};
/* End XCConfigurationList section */
	};
	rootObject = BFACD7A32B1BCB0E00EC0236 /* Project object */;
}
